// !$*UTF8*$!
{
	archiveVersion = 1;
	classes = {
	};
	objectVersion = 56;
	objects = {

/* Begin PBXBuildFile section */
		EE73768B2C53897B0045DA15 /* SwiftUIBaseComponmentsApp.swift in Sources */ = {isa = PBXBuildFile; fileRef = EE73768A2C53897B0045DA15 /* SwiftUIBaseComponmentsApp.swift */; };
		EE73768D2C53897B0045DA15 /* ContentView.swift in Sources */ = {isa = PBXBuildFile; fileRef = EE73768C2C53897B0045DA15 /* ContentView.swift */; };
		EE73768F2C53897E0045DA15 /* Assets.xcassets in Resources */ = {isa = PBXBuildFile; fileRef = EE73768E2C53897E0045DA15 /* Assets.xcassets */; };
		EE7376922C53897E0045DA15 /* Preview Assets.xcassets in Resources */ = {isa = PBXBuildFile; fileRef = EE7376912C53897E0045DA15 /* Preview Assets.xcassets */; };
		EE7376942C53897E0045DA15 /* Persistence.swift in Sources */ = {isa = PBXBuildFile; fileRef = EE7376932C53897E0045DA15 /* Persistence.swift */; };
		EE7376972C53897E0045DA15 /* SwiftUIBaseComponments.xcdatamodeld in Sources */ = {isa = PBXBuildFile; fileRef = EE7376952C53897E0045DA15 /* SwiftUIBaseComponments.xcdatamodeld */; };
		EE73769F2C5389930045DA15 /* MainView.swift in Sources */ = {isa = PBXBuildFile; fileRef = EE73769E2C5389930045DA15 /* MainView.swift */; };
/* End PBXBuildFile section */

/* Begin PBXFileReference section */
		EE7376872C53897B0045DA15 /* SwiftUIBaseComponments.app */ = {isa = PBXFileReference; explicitFileType = wrapper.application; includeInIndex = 0; path = SwiftUIBaseComponments.app; sourceTree = BUILT_PRODUCTS_DIR; };
		EE73768A2C53897B0045DA15 /* SwiftUIBaseComponmentsApp.swift */ = {isa = PBXFileReference; lastKnownFileType = sourcecode.swift; path = SwiftUIBaseComponmentsApp.swift; sourceTree = "<group>"; };
		EE73768C2C53897B0045DA15 /* ContentView.swift */ = {isa = PBXFileReference; lastKnownFileType = sourcecode.swift; path = ContentView.swift; sourceTree = "<group>"; };
		EE73768E2C53897E0045DA15 /* Assets.xcassets */ = {isa = PBXFileReference; lastKnownFileType = folder.assetcatalog; path = Assets.xcassets; sourceTree = "<group>"; };
		EE7376912C53897E0045DA15 /* Preview Assets.xcassets */ = {isa = PBXFileReference; lastKnownFileType = folder.assetcatalog; path = "Preview Assets.xcassets"; sourceTree = "<group>"; };
		EE7376932C53897E0045DA15 /* Persistence.swift */ = {isa = PBXFileReference; lastKnownFileType = sourcecode.swift; path = Persistence.swift; sourceTree = "<group>"; };
		EE7376962C53897E0045DA15 /* SwiftUIBaseComponments.xcdatamodel */ = {isa = PBXFileReference; lastKnownFileType = wrapper.xcdatamodel; path = SwiftUIBaseComponments.xcdatamodel; sourceTree = "<group>"; };
		EE7376982C53897E0045DA15 /* SwiftUIBaseComponments.entitlements */ = {isa = PBXFileReference; lastKnownFileType = text.plist.entitlements; path = SwiftUIBaseComponments.entitlements; sourceTree = "<group>"; };
		EE73769E2C5389930045DA15 /* MainView.swift */ = {isa = PBXFileReference; lastKnownFileType = sourcecode.swift; path = MainView.swift; sourceTree = "<group>"; };
/* End PBXFileReference section */

/* Begin PBXFrameworksBuildPhase section */
		EE7376842C53897B0045DA15 /* Frameworks */ = {
			isa = PBXFrameworksBuildPhase;
			buildActionMask = 2147483647;
			files = (
			);
			runOnlyForDeploymentPostprocessing = 0;
		};
/* End PBXFrameworksBuildPhase section */

/* Begin PBXGroup section */
		EE73767E2C53897B0045DA15 = {
			isa = PBXGroup;
			children = (
				EE7376892C53897B0045DA15 /* SwiftUIBaseComponments */,
				EE7376882C53897B0045DA15 /* Products */,
			);
			sourceTree = "<group>";
		};
		EE7376882C53897B0045DA15 /* Products */ = {
			isa = PBXGroup;
			children = (
				EE7376872C53897B0045DA15 /* SwiftUIBaseComponments.app */,
			);
			name = Products;
			sourceTree = "<group>";
		};
		EE7376892C53897B0045DA15 /* SwiftUIBaseComponments */ = {
			isa = PBXGroup;
			children = (
				EE73768A2C53897B0045DA15 /* SwiftUIBaseComponmentsApp.swift */,
				EE73769E2C5389930045DA15 /* MainView.swift */,
				EE73768C2C53897B0045DA15 /* ContentView.swift */,
				EE73768E2C53897E0045DA15 /* Assets.xcassets */,
				EE7376932C53897E0045DA15 /* Persistence.swift */,
				EE7376982C53897E0045DA15 /* SwiftUIBaseComponments.entitlements */,
				EE7376952C53897E0045DA15 /* SwiftUIBaseComponments.xcdatamodeld */,
				EE7376902C53897E0045DA15 /* Preview Content */,
			);
			path = SwiftUIBaseComponments;
			sourceTree = "<group>";
		};
		EE7376902C53897E0045DA15 /* Preview Content */ = {
			isa = PBXGroup;
			children = (
				EE7376912C53897E0045DA15 /* Preview Assets.xcassets */,
			);
			path = "Preview Content";
			sourceTree = "<group>";
		};
/* End PBXGroup section */

/* Begin PBXNativeTarget section */
		EE7376862C53897B0045DA15 /* SwiftUIBaseComponments */ = {
			isa = PBXNativeTarget;
			buildConfigurationList = EE73769B2C53897E0045DA15 /* Build configuration list for PBXNativeTarget "SwiftUIBaseComponments" */;
			buildPhases = (
				EE7376832C53897B0045DA15 /* Sources */,
				EE7376842C53897B0045DA15 /* Frameworks */,
				EE7376852C53897B0045DA15 /* Resources */,
			);
			buildRules = (
			);
			dependencies = (
			);
			name = SwiftUIBaseComponments;
			productName = SwiftUIBaseComponments;
			productReference = EE7376872C53897B0045DA15 /* SwiftUIBaseComponments.app */;
			productType = "com.apple.product-type.application";
		};
/* End PBXNativeTarget section */

/* Begin PBXProject section */
		EE73767F2C53897B0045DA15 /* Project object */ = {
			isa = PBXProject;
			attributes = {
				BuildIndependentTargetsInParallel = 1;
				LastSwiftUpdateCheck = 1540;
				LastUpgradeCheck = 1540;
				TargetAttributes = {
					EE7376862C53897B0045DA15 = {
						CreatedOnToolsVersion = 15.4;
					};
				};
			};
			buildConfigurationList = EE7376822C53897B0045DA15 /* Build configuration list for PBXProject "SwiftUIBaseComponments" */;
			compatibilityVersion = "Xcode 14.0";
			developmentRegion = en;
			hasScannedForEncodings = 0;
			knownRegions = (
				en,
				Base,
			);
			mainGroup = EE73767E2C53897B0045DA15;
			productRefGroup = EE7376882C53897B0045DA15 /* Products */;
			projectDirPath = "";
			projectRoot = "";
			targets = (
				EE7376862C53897B0045DA15 /* SwiftUIBaseComponments */,
			);
		};
/* End PBXProject section */

/* Begin PBXResourcesBuildPhase section */
		EE7376852C53897B0045DA15 /* Resources */ = {
			isa = PBXResourcesBuildPhase;
			buildActionMask = 2147483647;
			files = (
				EE7376922C53897E0045DA15 /* Preview Assets.xcassets in Resources */,
				EE73768F2C53897E0045DA15 /* Assets.xcassets in Resources */,
			);
			runOnlyForDeploymentPostprocessing = 0;
		};
/* End PBXResourcesBuildPhase section */

/* Begin PBXSourcesBuildPhase section */
		EE7376832C53897B0045DA15 /* Sources */ = {
			isa = PBXSourcesBuildPhase;
			buildActionMask = 2147483647;
			files = (
				EE7376972C53897E0045DA15 /* SwiftUIBaseComponments.xcdatamodeld in Sources */,
				EE7376942C53897E0045DA15 /* Persistence.swift in Sources */,
				EE73768D2C53897B0045DA15 /* ContentView.swift in Sources */,
				EE73769F2C5389930045DA15 /* MainView.swift in Sources */,
				EE73768B2C53897B0045DA15 /* SwiftUIBaseComponmentsApp.swift in Sources */,
			);
			runOnlyForDeploymentPostprocessing = 0;
		};
/* End PBXSourcesBuildPhase section */

/* Begin XCBuildConfiguration section */
		EE7376992C53897E0045DA15 /* Debug */ = {
			isa = XCBuildConfiguration;
			buildSettings = {
				ALWAYS_SEARCH_USER_PATHS = NO;
				ASSETCATALOG_COMPILER_GENERATE_SWIFT_ASSET_SYMBOL_EXTENSIONS = YES;
				CLANG_ANALYZER_NONNULL = YES;
				CLANG_ANALYZER_NUMBER_OBJECT_CONVERSION = YES_AGGRESSIVE;
				CLANG_CXX_LANGUAGE_STANDARD = "gnu++20";
				CLANG_ENABLE_MODULES = YES;
				CLANG_ENABLE_OBJC_ARC = YES;
				CLANG_ENABLE_OBJC_WEAK = YES;
				CLANG_WARN_BLOCK_CAPTURE_AUTORELEASING = YES;
				CLANG_WARN_BOOL_CONVERSION = YES;
				CLANG_WARN_COMMA = YES;
				CLANG_WARN_CONSTANT_CONVERSION = YES;
				CLANG_WARN_DEPRECATED_OBJC_IMPLEMENTATIONS = YES;
				CLANG_WARN_DIRECT_OBJC_ISA_USAGE = YES_ERROR;
				CLANG_WARN_DOCUMENTATION_COMMENTS = YES;
				CLANG_WARN_EMPTY_BODY = YES;
				CLANG_WARN_ENUM_CONVERSION = YES;
				CLANG_WARN_INFINITE_RECURSION = YES;
				CLANG_WARN_INT_CONVERSION = YES;
				CLANG_WARN_NON_LITERAL_NULL_CONVERSION = YES;
				CLANG_WARN_OBJC_IMPLICIT_RETAIN_SELF = YES;
				CLANG_WARN_OBJC_LITERAL_CONVERSION = YES;
				CLANG_WARN_OBJC_ROOT_CLASS = YES_ERROR;
				CLANG_WARN_QUOTED_INCLUDE_IN_FRAMEWORK_HEADER = YES;
				CLANG_WARN_RANGE_LOOP_ANALYSIS = YES;
				CLANG_WARN_STRICT_PROTOTYPES = YES;
				CLANG_WARN_SUSPICIOUS_MOVE = YES;
				CLANG_WARN_UNGUARDED_AVAILABILITY = YES_AGGRESSIVE;
				CLANG_WARN_UNREACHABLE_CODE = YES;
				CLANG_WARN__DUPLICATE_METHOD_MATCH = YES;
				COPY_PHASE_STRIP = NO;
				DEBUG_INFORMATION_FORMAT = dwarf;
				ENABLE_STRICT_OBJC_MSGSEND = YES;
				ENABLE_TESTABILITY = YES;
				ENABLE_USER_SCRIPT_SANDBOXING = YES;
				GCC_C_LANGUAGE_STANDARD = gnu17;
				GCC_DYNAMIC_NO_PIC = NO;
				GCC_NO_COMMON_BLOCKS = YES;
				GCC_OPTIMIZATION_LEVEL = 0;
				GCC_PREPROCESSOR_DEFINITIONS = (
					"DEBUG=1",
					"$(inherited)",
				);
				GCC_WARN_64_TO_32_BIT_CONVERSION = YES;
				GCC_WARN_ABOUT_RETURN_TYPE = YES_ERROR;
				GCC_WARN_UNDECLARED_SELECTOR = YES;
				GCC_WARN_UNINITIALIZED_AUTOS = YES_AGGRESSIVE;
				GCC_WARN_UNUSED_FUNCTION = YES;
				GCC_WARN_UNUSED_VARIABLE = YES;
				LOCALIZATION_PREFERS_STRING_CATALOGS = YES;
				MACOSX_DEPLOYMENT_TARGET = 14.5;
				MTL_ENABLE_DEBUG_INFO = INCLUDE_SOURCE;
				MTL_FAST_MATH = YES;
				ONLY_ACTIVE_ARCH = YES;
				SDKROOT = macosx;
				SWIFT_ACTIVE_COMPILATION_CONDITIONS = "DEBUG $(inherited)";
				SWIFT_OPTIMIZATION_LEVEL = "-Onone";
			};
			name = Debug;
		};
		EE73769A2C53897E0045DA15 /* Release */ = {
			isa = XCBuildConfiguration;
			buildSettings = {
				ALWAYS_SEARCH_USER_PATHS = NO;
				ASSETCATALOG_COMPILER_GENERATE_SWIFT_ASSET_SYMBOL_EXTENSIONS = YES;
				CLANG_ANALYZER_NONNULL = YES;
				CLANG_ANALYZER_NUMBER_OBJECT_CONVERSION = YES_AGGRESSIVE;
				CLANG_CXX_LANGUAGE_STANDARD = "gnu++20";
				CLANG_ENABLE_MODULES = YES;
				CLANG_ENABLE_OBJC_ARC = YES;
				CLANG_ENABLE_OBJC_WEAK = YES;
				CLANG_WARN_BLOCK_CAPTURE_AUTORELEASING = YES;
				CLANG_WARN_BOOL_CONVERSION = YES;
				CLANG_WARN_COMMA = YES;
				CLANG_WARN_CONSTANT_CONVERSION = YES;
				CLANG_WARN_DEPRECATED_OBJC_IMPLEMENTATIONS = YES;
				CLANG_WARN_DIRECT_OBJC_ISA_USAGE = YES_ERROR;
				CLANG_WARN_DOCUMENTATION_COMMENTS = YES;
				CLANG_WARN_EMPTY_BODY = YES;
				CLANG_WARN_ENUM_CONVERSION = YES;
				CLANG_WARN_INFINITE_RECURSION = YES;
				CLANG_WARN_INT_CONVERSION = YES;
				CLANG_WARN_NON_LITERAL_NULL_CONVERSION = YES;
				CLANG_WARN_OBJC_IMPLICIT_RETAIN_SELF = YES;
				CLANG_WARN_OBJC_LITERAL_CONVERSION = YES;
				CLANG_WARN_OBJC_ROOT_CLASS = YES_ERROR;
				CLANG_WARN_QUOTED_INCLUDE_IN_FRAMEWORK_HEADER = YES;
				CLANG_WARN_RANGE_LOOP_ANALYSIS = YES;
				CLANG_WARN_STRICT_PROTOTYPES = YES;
				CLANG_WARN_SUSPICIOUS_MOVE = YES;
				CLANG_WARN_UNGUARDED_AVAILABILITY = YES_AGGRESSIVE;
				CLANG_WARN_UNREACHABLE_CODE = YES;
				CLANG_WARN__DUPLICATE_METHOD_MATCH = YES;
				COPY_PHASE_STRIP = NO;
				DEBUG_INFORMATION_FORMAT = "dwarf-with-dsym";
				ENABLE_NS_ASSERTIONS = NO;
				ENABLE_STRICT_OBJC_MSGSEND = YES;
				ENABLE_USER_SCRIPT_SANDBOXING = YES;
				GCC_C_LANGUAGE_STANDARD = gnu17;
				GCC_NO_COMMON_BLOCKS = YES;
				GCC_WARN_64_TO_32_BIT_CONVERSION = YES;
				GCC_WARN_ABOUT_RETURN_TYPE = YES_ERROR;
				GCC_WARN_UNDECLARED_SELECTOR = YES;
				GCC_WARN_UNINITIALIZED_AUTOS = YES_AGGRESSIVE;
				GCC_WARN_UNUSED_FUNCTION = YES;
				GCC_WARN_UNUSED_VARIABLE = YES;
				LOCALIZATION_PREFERS_STRING_CATALOGS = YES;
				MACOSX_DEPLOYMENT_TARGET = 14.5;
				MTL_ENABLE_DEBUG_INFO = NO;
				MTL_FAST_MATH = YES;
				SDKROOT = macosx;
				SWIFT_COMPILATION_MODE = wholemodule;
			};
			name = Release;
		};
		EE73769C2C53897E0045DA15 /* Debug */ = {
			isa = XCBuildConfiguration;
			buildSettings = {
				ASSETCATALOG_COMPILER_APPICON_NAME = AppIcon;
				ASSETCATALOG_COMPILER_GLOBAL_ACCENT_COLOR_NAME = AccentColor;
				CODE_SIGN_ENTITLEMENTS = SwiftUIBaseComponments/SwiftUIBaseComponments.entitlements;
				CODE_SIGN_STYLE = Automatic;
				COMBINE_HIDPI_IMAGES = YES;
				CURRENT_PROJECT_VERSION = 1;
				DEVELOPMENT_ASSET_PATHS = "\"SwiftUIBaseComponments/Preview Content\"";
				DEVELOPMENT_TEAM = 55ST287647;
				ENABLE_HARDENED_RUNTIME = YES;
				ENABLE_PREVIEWS = YES;
				GENERATE_INFOPLIST_FILE = YES;
				INFOPLIST_KEY_NSHumanReadableCopyright = "";
				LD_RUNPATH_SEARCH_PATHS = (
					"$(inherited)",
					"@executable_path/../Frameworks",
				);
				MARKETING_VERSION = 1.0;
				PRODUCT_BUNDLE_IDENTIFIER = com.qianqian.SwiftUIBaseComponments;
				PRODUCT_NAME = "$(TARGET_NAME)";
				SUPPORTED_PLATFORMS = "iphoneos iphonesimulator";
				SUPPORTS_MACCATALYST = NO;
				SWIFT_EMIT_LOC_STRINGS = YES;
				SWIFT_VERSION = 5.0;
				TARGETED_DEVICE_FAMILY = "1,2";
			};
			name = Debug;
		};
		EE73769D2C53897E0045DA15 /* Release */ = {
			isa = XCBuildConfiguration;
			buildSettings = {
				ASSETCATALOG_COMPILER_APPICON_NAME = AppIcon;
				ASSETCATALOG_COMPILER_GLOBAL_ACCENT_COLOR_NAME = AccentColor;
				CODE_SIGN_ENTITLEMENTS = SwiftUIBaseComponments/SwiftUIBaseComponments.entitlements;
				CODE_SIGN_STYLE = Automatic;
				COMBINE_HIDPI_IMAGES = YES;
				CURRENT_PROJECT_VERSION = 1;
				DEVELOPMENT_ASSET_PATHS = "\"SwiftUIBaseComponments/Preview Content\"";
				DEVELOPMENT_TEAM = 55ST287647;
				ENABLE_HARDENED_RUNTIME = YES;
				ENABLE_PREVIEWS = YES;
				GENERATE_INFOPLIST_FILE = YES;
				INFOPLIST_KEY_NSHumanReadableCopyright = "";
				LD_RUNPATH_SEARCH_PATHS = (
					"$(inherited)",
					"@executable_path/../Frameworks",
				);
				MARKETING_VERSION = 1.0;
				PRODUCT_BUNDLE_IDENTIFIER = com.qianqian.SwiftUIBaseComponments;
				PRODUCT_NAME = "$(TARGET_NAME)";
				SUPPORTED_PLATFORMS = "iphoneos iphonesimulator";
				SUPPORTS_MACCATALYST = NO;
				SWIFT_EMIT_LOC_STRINGS = YES;
				SWIFT_VERSION = 5.0;
				TARGETED_DEVICE_FAMILY = "1,2";
			};
			name = Release;
		};
/* End XCBuildConfiguration section */

/* Begin XCConfigurationList section */
		EE7376822C53897B0045DA15 /* Build configuration list for PBXProject "SwiftUIBaseComponments" */ = {
			isa = XCConfigurationList;
			buildConfigurations = (
				EE7376992C53897E0045DA15 /* Debug */,
				EE73769A2C53897E0045DA15 /* Release */,
			);
			defaultConfigurationIsVisible = 0;
			defaultConfigurationName = Release;
		};
		EE73769B2C53897E0045DA15 /* Build configuration list for PBXNativeTarget "SwiftUIBaseComponments" */ = {
			isa = XCConfigurationList;
			buildConfigurations = (
				EE73769C2C53897E0045DA15 /* Debug */,
				EE73769D2C53897E0045DA15 /* Release */,
			);
			defaultConfigurationIsVisible = 0;
			defaultConfigurationName = Release;
		};
/* End XCConfigurationList section */

/* Begin XCVersionGroup section */
		EE7376952C53897E0045DA15 /* SwiftUIBaseComponments.xcdatamodeld */ = {
			isa = XCVersionGroup;
			children = (
				EE7376962C53897E0045DA15 /* SwiftUIBaseComponments.xcdatamodel */,
			);
			currentVersion = EE7376962C53897E0045DA15 /* SwiftUIBaseComponments.xcdatamodel */;
			path = SwiftUIBaseComponments.xcdatamodeld;
			sourceTree = "<group>";
			versionGroupType = wrapper.xcdatamodel;
		};
/* End XCVersionGroup section */
	};
	rootObject = EE73767F2C53897B0045DA15 /* Project object */;
}
